// !$*UTF8*$!
{
	archiveVersion = 1;
	classes = {
	};
	objectVersion = 50;
	objects = {

/* Begin PBXBuildFile section */
		262D8B06212E2E1D00FCAEDC /* AppDelegate.swift in Sources */ = {isa = PBXBuildFile; fileRef = 262D8B05212E2E1D00FCAEDC /* AppDelegate.swift */; };
		262D8B08212E2E1D00FCAEDC /* RootController.swift in Sources */ = {isa = PBXBuildFile; fileRef = 262D8B07212E2E1D00FCAEDC /* RootController.swift */; };
		262D8B0B212E2E1D00FCAEDC /* Main.storyboard in Resources */ = {isa = PBXBuildFile; fileRef = 262D8B09212E2E1D00FCAEDC /* Main.storyboard */; };
		262D8B0D212E2E1D00FCAEDC /* Assets.xcassets in Resources */ = {isa = PBXBuildFile; fileRef = 262D8B0C212E2E1D00FCAEDC /* Assets.xcassets */; };
		262D8B19212E2E6F00FCAEDC /* NavigationService.swift in Sources */ = {isa = PBXBuildFile; fileRef = 262D8B18212E2E6F00FCAEDC /* NavigationService.swift */; };
		262D8B1B212E2E7900FCAEDC /* Services.swift in Sources */ = {isa = PBXBuildFile; fileRef = 262D8B1A212E2E7900FCAEDC /* Services.swift */; };
		263CE88F212E53D7004C22BE /* ImageDisplay.swift in Sources */ = {isa = PBXBuildFile; fileRef = 263CE88E212E53D7004C22BE /* ImageDisplay.swift */; };
		263CE891212E5A33004C22BE /* ImagePreviewController.swift in Sources */ = {isa = PBXBuildFile; fileRef = 263CE890212E5A33004C22BE /* ImagePreviewController.swift */; };
		263CE894212E6C7B004C22BE /* ScaleTransition.swift in Sources */ = {isa = PBXBuildFile; fileRef = 263CE893212E6C7B004C22BE /* ScaleTransition.swift */; };
		26706987212E3B9800C1A5C8 /* SeedDataService.swift in Sources */ = {isa = PBXBuildFile; fileRef = 26706986212E3B9800C1A5C8 /* SeedDataService.swift */; };
		2670698A212E3D5000C1A5C8 /* ListItem.swift in Sources */ = {isa = PBXBuildFile; fileRef = 26706989212E3D5000C1A5C8 /* ListItem.swift */; };
		2670698E212E462500C1A5C8 /* ListItemCell.swift in Sources */ = {isa = PBXBuildFile; fileRef = 2670698D212E462500C1A5C8 /* ListItemCell.swift */; };
/* End PBXBuildFile section */

/* Begin PBXFileReference section */
		262D8B02212E2E1D00FCAEDC /* transitionsTestSwift.app */ = {isa = PBXFileReference; explicitFileType = wrapper.application; includeInIndex = 0; path = transitionsTestSwift.app; sourceTree = BUILT_PRODUCTS_DIR; };
		262D8B05212E2E1D00FCAEDC /* AppDelegate.swift */ = {isa = PBXFileReference; lastKnownFileType = sourcecode.swift; path = AppDelegate.swift; sourceTree = "<group>"; };
		262D8B07212E2E1D00FCAEDC /* RootController.swift */ = {isa = PBXFileReference; lastKnownFileType = sourcecode.swift; path = RootController.swift; sourceTree = "<group>"; };
		262D8B0A212E2E1D00FCAEDC /* Base */ = {isa = PBXFileReference; lastKnownFileType = file.storyboard; name = Base; path = Base.lproj/Main.storyboard; sourceTree = "<group>"; };
		262D8B0C212E2E1D00FCAEDC /* Assets.xcassets */ = {isa = PBXFileReference; lastKnownFileType = folder.assetcatalog; path = Assets.xcassets; sourceTree = "<group>"; };
		262D8B11212E2E1D00FCAEDC /* Info.plist */ = {isa = PBXFileReference; lastKnownFileType = text.plist.xml; path = Info.plist; sourceTree = "<group>"; };
		262D8B18212E2E6F00FCAEDC /* NavigationService.swift */ = {isa = PBXFileReference; lastKnownFileType = sourcecode.swift; path = NavigationService.swift; sourceTree = "<group>"; };
		262D8B1A212E2E7900FCAEDC /* Services.swift */ = {isa = PBXFileReference; lastKnownFileType = sourcecode.swift; path = Services.swift; sourceTree = "<group>"; };
		263CE88E212E53D7004C22BE /* ImageDisplay.swift */ = {isa = PBXFileReference; lastKnownFileType = sourcecode.swift; path = ImageDisplay.swift; sourceTree = "<group>"; };
		263CE890212E5A33004C22BE /* ImagePreviewController.swift */ = {isa = PBXFileReference; lastKnownFileType = sourcecode.swift; path = ImagePreviewController.swift; sourceTree = "<group>"; };
		263CE893212E6C7B004C22BE /* ScaleTransition.swift */ = {isa = PBXFileReference; lastKnownFileType = sourcecode.swift; path = ScaleTransition.swift; sourceTree = "<group>"; };
		26706986212E3B9800C1A5C8 /* SeedDataService.swift */ = {isa = PBXFileReference; lastKnownFileType = sourcecode.swift; path = SeedDataService.swift; sourceTree = "<group>"; };
		26706989212E3D5000C1A5C8 /* ListItem.swift */ = {isa = PBXFileReference; lastKnownFileType = sourcecode.swift; path = ListItem.swift; sourceTree = "<group>"; };
		2670698D212E462500C1A5C8 /* ListItemCell.swift */ = {isa = PBXFileReference; lastKnownFileType = sourcecode.swift; path = ListItemCell.swift; sourceTree = "<group>"; };
/* End PBXFileReference section */

/* Begin PBXFrameworksBuildPhase section */
		262D8AFF212E2E1D00FCAEDC /* Frameworks */ = {
			isa = PBXFrameworksBuildPhase;
			buildActionMask = 2147483647;
			files = (
			);
			runOnlyForDeploymentPostprocessing = 0;
		};
/* End PBXFrameworksBuildPhase section */

/* Begin PBXGroup section */
		262D8AF9212E2E1D00FCAEDC = {
			isa = PBXGroup;
			children = (
				262D8B04212E2E1D00FCAEDC /* transitionsTestSwift */,
				262D8B03212E2E1D00FCAEDC /* Products */,
			);
			sourceTree = "<group>";
		};
		262D8B03212E2E1D00FCAEDC /* Products */ = {
			isa = PBXGroup;
			children = (
				262D8B02212E2E1D00FCAEDC /* transitionsTestSwift.app */,
			);
			name = Products;
			sourceTree = "<group>";
		};
		262D8B04212E2E1D00FCAEDC /* transitionsTestSwift */ = {
			isa = PBXGroup;
			children = (
				2670698B212E42DD00C1A5C8 /* Utils */,
				26706988212E3D3F00C1A5C8 /* Models */,
				26706984212E39A600C1A5C8 /* Components */,
				262D8B17212E2E5000FCAEDC /* Services */,
				262D8B05212E2E1D00FCAEDC /* AppDelegate.swift */,
				262D8B09212E2E1D00FCAEDC /* Main.storyboard */,
				262D8B0C212E2E1D00FCAEDC /* Assets.xcassets */,
				262D8B11212E2E1D00FCAEDC /* Info.plist */,
			);
			path = transitionsTestSwift;
			sourceTree = "<group>";
		};
		262D8B17212E2E5000FCAEDC /* Services */ = {
			isa = PBXGroup;
			children = (
				262D8B1A212E2E7900FCAEDC /* Services.swift */,
				262D8B18212E2E6F00FCAEDC /* NavigationService.swift */,
				26706986212E3B9800C1A5C8 /* SeedDataService.swift */,
			);
			path = Services;
			sourceTree = "<group>";
		};
		263CE892212E6C6F004C22BE /* Transitions */ = {
			isa = PBXGroup;
			children = (
				263CE893212E6C7B004C22BE /* ScaleTransition.swift */,
			);
			path = Transitions;
			sourceTree = "<group>";
		};
		26706984212E39A600C1A5C8 /* Components */ = {
			isa = PBXGroup;
			children = (
				263CE892212E6C6F004C22BE /* Transitions */,
				2670698C212E461300C1A5C8 /* Shared */,
				26706985212E39AE00C1A5C8 /* Controllers */,
			);
			path = Components;
			sourceTree = "<group>";
		};
		26706985212E39AE00C1A5C8 /* Controllers */ = {
			isa = PBXGroup;
			children = (
				262D8B07212E2E1D00FCAEDC /* RootController.swift */,
				263CE890212E5A33004C22BE /* ImagePreviewController.swift */,
			);
			path = Controllers;
			sourceTree = "<group>";
		};
		26706988212E3D3F00C1A5C8 /* Models */ = {
			isa = PBXGroup;
			children = (
				26706989212E3D5000C1A5C8 /* ListItem.swift */,
			);
			path = Models;
			sourceTree = "<group>";
		};
		2670698B212E42DD00C1A5C8 /* Utils */ = {
			isa = PBXGroup;
			children = (
			);
			path = Utils;
			sourceTree = "<group>";
		};
		2670698C212E461300C1A5C8 /* Shared */ = {
			isa = PBXGroup;
			children = (
				2670698D212E462500C1A5C8 /* ListItemCell.swift */,
				263CE88E212E53D7004C22BE /* ImageDisplay.swift */,
			);
			path = Shared;
			sourceTree = "<group>";
		};
/* End PBXGroup section */

/* Begin PBXNativeTarget section */
		262D8B01212E2E1D00FCAEDC /* transitionsTestSwift */ = {
			isa = PBXNativeTarget;
			buildConfigurationList = 262D8B14212E2E1D00FCAEDC /* Build configuration list for PBXNativeTarget "transitionsTestSwift" */;
			buildPhases = (
				262D8AFE212E2E1D00FCAEDC /* Sources */,
				262D8AFF212E2E1D00FCAEDC /* Frameworks */,
				262D8B00212E2E1D00FCAEDC /* Resources */,
			);
			buildRules = (
			);
			dependencies = (
			);
			name = transitionsTestSwift;
			productName = transitionsTestSwift;
			productReference = 262D8B02212E2E1D00FCAEDC /* transitionsTestSwift.app */;
			productType = "com.apple.product-type.application";
		};
/* End PBXNativeTarget section */

/* Begin PBXProject section */
		262D8AFA212E2E1D00FCAEDC /* Project object */ = {
			isa = PBXProject;
			attributes = {
				LastSwiftUpdateCheck = 0930;
				LastUpgradeCheck = 0930;
				ORGANIZATIONNAME = hassanvfx;
				TargetAttributes = {
					262D8B01212E2E1D00FCAEDC = {
						CreatedOnToolsVersion = 9.3.1;
					};
				};
			};
			buildConfigurationList = 262D8AFD212E2E1D00FCAEDC /* Build configuration list for PBXProject "transitionsTestSwift" */;
			compatibilityVersion = "Xcode 9.3";
			developmentRegion = en;
			hasScannedForEncodings = 0;
			knownRegions = (
				en,
				Base,
			);
			mainGroup = 262D8AF9212E2E1D00FCAEDC;
			productRefGroup = 262D8B03212E2E1D00FCAEDC /* Products */;
			projectDirPath = "";
			projectRoot = "";
			targets = (
				262D8B01212E2E1D00FCAEDC /* transitionsTestSwift */,
			);
		};
/* End PBXProject section */

/* Begin PBXResourcesBuildPhase section */
		262D8B00212E2E1D00FCAEDC /* Resources */ = {
			isa = PBXResourcesBuildPhase;
			buildActionMask = 2147483647;
			files = (
				262D8B0D212E2E1D00FCAEDC /* Assets.xcassets in Resources */,
				262D8B0B212E2E1D00FCAEDC /* Main.storyboard in Resources */,
			);
			runOnlyForDeploymentPostprocessing = 0;
		};
/* End PBXResourcesBuildPhase section */

/* Begin PBXSourcesBuildPhase section */
		262D8AFE212E2E1D00FCAEDC /* Sources */ = {
			isa = PBXSourcesBuildPhase;
			buildActionMask = 2147483647;
			files = (
				2670698A212E3D5000C1A5C8 /* ListItem.swift in Sources */,
				2670698E212E462500C1A5C8 /* ListItemCell.swift in Sources */,
				262D8B08212E2E1D00FCAEDC /* RootController.swift in Sources */,
				262D8B19212E2E6F00FCAEDC /* NavigationService.swift in Sources */,
				26706987212E3B9800C1A5C8 /* SeedDataService.swift in Sources */,
				262D8B06212E2E1D00FCAEDC /* AppDelegate.swift in Sources */,
				263CE88F212E53D7004C22BE /* ImageDisplay.swift in Sources */,
				263CE894212E6C7B004C22BE /* ScaleTransition.swift in Sources */,
				262D8B1B212E2E7900FCAEDC /* Services.swift in Sources */,
				263CE891212E5A33004C22BE /* ImagePreviewController.swift in Sources */,
			);
			runOnlyForDeploymentPostprocessing = 0;
		};
/* End PBXSourcesBuildPhase section */

/* Begin PBXVariantGroup section */
		262D8B09212E2E1D00FCAEDC /* Main.storyboard */ = {
			isa = PBXVariantGroup;
			children = (
				262D8B0A212E2E1D00FCAEDC /* Base */,
			);
			name = Main.storyboard;
			sourceTree = "<group>";
		};
/* End PBXVariantGroup section */

/* Begin XCBuildConfiguration section */
		262D8B12212E2E1D00FCAEDC /* Debug */ = {
			isa = XCBuildConfiguration;
			buildSettings = {
				ALWAYS_SEARCH_USER_PATHS = NO;
				CLANG_ANALYZER_NONNULL = YES;
				CLANG_ANALYZER_NUMBER_OBJECT_CONVERSION = YES_AGGRESSIVE;
				CLANG_CXX_LANGUAGE_STANDARD = "gnu++14";
				CLANG_CXX_LIBRARY = "libc++";
				CLANG_ENABLE_MODULES = YES;
				CLANG_ENABLE_OBJC_ARC = YES;
				CLANG_ENABLE_OBJC_WEAK = YES;
				CLANG_WARN_BLOCK_CAPTURE_AUTORELEASING = YES;
				CLANG_WARN_BOOL_CONVERSION = YES;
				CLANG_WARN_COMMA = YES;
				CLANG_WARN_CONSTANT_CONVERSION = YES;
				CLANG_WARN_DEPRECATED_OBJC_IMPLEMENTATIONS = YES;
				CLANG_WARN_DIRECT_OBJC_ISA_USAGE = YES_ERROR;
				CLANG_WARN_DOCUMENTATION_COMMENTS = YES;
				CLANG_WARN_EMPTY_BODY = YES;
				CLANG_WARN_ENUM_CONVERSION = YES;
				CLANG_WARN_INFINITE_RECURSION = YES;
				CLANG_WARN_INT_CONVERSION = YES;
				CLANG_WARN_NON_LITERAL_NULL_CONVERSION = YES;
				CLANG_WARN_OBJC_IMPLICIT_RETAIN_SELF = YES;
				CLANG_WARN_OBJC_LITERAL_CONVERSION = YES;
				CLANG_WARN_OBJC_ROOT_CLASS = YES_ERROR;
				CLANG_WARN_RANGE_LOOP_ANALYSIS = YES;
				CLANG_WARN_STRICT_PROTOTYPES = YES;
				CLANG_WARN_SUSPICIOUS_MOVE = YES;
				CLANG_WARN_UNGUARDED_AVAILABILITY = YES_AGGRESSIVE;
				CLANG_WARN_UNREACHABLE_CODE = YES;
				CLANG_WARN__DUPLICATE_METHOD_MATCH = YES;
				CODE_SIGN_IDENTITY = "iPhone Developer";
				COPY_PHASE_STRIP = NO;
				DEBUG_INFORMATION_FORMAT = dwarf;
				ENABLE_STRICT_OBJC_MSGSEND = YES;
				ENABLE_TESTABILITY = YES;
				GCC_C_LANGUAGE_STANDARD = gnu11;
				GCC_DYNAMIC_NO_PIC = NO;
				GCC_NO_COMMON_BLOCKS = YES;
				GCC_OPTIMIZATION_LEVEL = 0;
				GCC_PREPROCESSOR_DEFINITIONS = (
					"DEBUG=1",
					"$(inherited)",
				);
				GCC_WARN_64_TO_32_BIT_CONVERSION = YES;
				GCC_WARN_ABOUT_RETURN_TYPE = YES_ERROR;
				GCC_WARN_UNDECLARED_SELECTOR = YES;
				GCC_WARN_UNINITIALIZED_AUTOS = YES_AGGRESSIVE;
				GCC_WARN_UNUSED_FUNCTION = YES;
				GCC_WARN_UNUSED_VARIABLE = YES;
				IPHONEOS_DEPLOYMENT_TARGET = 11.3;
				MTL_ENABLE_DEBUG_INFO = YES;
				ONLY_ACTIVE_ARCH = YES;
				SDKROOT = iphoneos;
				SWIFT_ACTIVE_COMPILATION_CONDITIONS = DEBUG;
				SWIFT_OPTIMIZATION_LEVEL = "-Onone";
			};
			name = Debug;
		};
		262D8B13212E2E1D00FCAEDC /* Release */ = {
			isa = XCBuildConfiguration;
			buildSettings = {
				ALWAYS_SEARCH_USER_PATHS = NO;
				CLANG_ANALYZER_NONNULL = YES;
				CLANG_ANALYZER_NUMBER_OBJECT_CONVERSION = YES_AGGRESSIVE;
				CLANG_CXX_LANGUAGE_STANDARD = "gnu++14";
				CLANG_CXX_LIBRARY = "libc++";
				CLANG_ENABLE_MODULES = YES;
				CLANG_ENABLE_OBJC_ARC = YES;
				CLANG_ENABLE_OBJC_WEAK = YES;
				CLANG_WARN_BLOCK_CAPTURE_AUTORELEASING = YES;
				CLANG_WARN_BOOL_CONVERSION = YES;
				CLANG_WARN_COMMA = YES;
				CLANG_WARN_CONSTANT_CONVERSION = YES;
				CLANG_WARN_DEPRECATED_OBJC_IMPLEMENTATIONS = YES;
				CLANG_WARN_DIRECT_OBJC_ISA_USAGE = YES_ERROR;
				CLANG_WARN_DOCUMENTATION_COMMENTS = YES;
				CLANG_WARN_EMPTY_BODY = YES;
				CLANG_WARN_ENUM_CONVERSION = YES;
				CLANG_WARN_INFINITE_RECURSION = YES;
				CLANG_WARN_INT_CONVERSION = YES;
				CLANG_WARN_NON_LITERAL_NULL_CONVERSION = YES;
				CLANG_WARN_OBJC_IMPLICIT_RETAIN_SELF = YES;
				CLANG_WARN_OBJC_LITERAL_CONVERSION = YES;
				CLANG_WARN_OBJC_ROOT_CLASS = YES_ERROR;
				CLANG_WARN_RANGE_LOOP_ANALYSIS = YES;
				CLANG_WARN_STRICT_PROTOTYPES = YES;
				CLANG_WARN_SUSPICIOUS_MOVE = YES;
				CLANG_WARN_UNGUARDED_AVAILABILITY = YES_AGGRESSIVE;
				CLANG_WARN_UNREACHABLE_CODE = YES;
				CLANG_WARN__DUPLICATE_METHOD_MATCH = YES;
				CODE_SIGN_IDENTITY = "iPhone Developer";
				COPY_PHASE_STRIP = NO;
				DEBUG_INFORMATION_FORMAT = "dwarf-with-dsym";
				ENABLE_NS_ASSERTIONS = NO;
				ENABLE_STRICT_OBJC_MSGSEND = YES;
				GCC_C_LANGUAGE_STANDARD = gnu11;
				GCC_NO_COMMON_BLOCKS = YES;
				GCC_WARN_64_TO_32_BIT_CONVERSION = YES;
				GCC_WARN_ABOUT_RETURN_TYPE = YES_ERROR;
				GCC_WARN_UNDECLARED_SELECTOR = YES;
				GCC_WARN_UNINITIALIZED_AUTOS = YES_AGGRESSIVE;
				GCC_WARN_UNUSED_FUNCTION = YES;
				GCC_WARN_UNUSED_VARIABLE = YES;
				IPHONEOS_DEPLOYMENT_TARGET = 11.3;
				MTL_ENABLE_DEBUG_INFO = NO;
				SDKROOT = iphoneos;
				SWIFT_COMPILATION_MODE = wholemodule;
				SWIFT_OPTIMIZATION_LEVEL = "-O";
				VALIDATE_PRODUCT = YES;
			};
			name = Release;
		};
		262D8B15212E2E1D00FCAEDC /* Debug */ = {
			isa = XCBuildConfiguration;
			buildSettings = {
				ASSETCATALOG_COMPILER_APPICON_NAME = AppIcon;
				CODE_SIGN_STYLE = Automatic;
				DEVELOPMENT_TEAM = S4YDUW7U98;
				INFOPLIST_FILE = transitionsTestSwift/Info.plist;
				LD_RUNPATH_SEARCH_PATHS = (
					"$(inherited)",
					"@executable_path/Frameworks",
				);
				PRODUCT_BUNDLE_IDENTIFIER = hassanvfx.transitionsTestSwift;
				PRODUCT_NAME = "$(TARGET_NAME)";
				SWIFT_VERSION = 4.0;
				TARGETED_DEVICE_FAMILY = "1,2";
			};
			name = Debug;
		};
		262D8B16212E2E1D00FCAEDC /* Release */ = {
			isa = XCBuildConfiguration;
			buildSettings = {
				ASSETCATALOG_COMPILER_APPICON_NAME = AppIcon;
				CODE_SIGN_STYLE = Automatic;
				DEVELOPMENT_TEAM = S4YDUW7U98;
				INFOPLIST_FILE = transitionsTestSwift/Info.plist;
				LD_RUNPATH_SEARCH_PATHS = (
					"$(inherited)",
					"@executable_path/Frameworks",
				);
				PRODUCT_BUNDLE_IDENTIFIER = hassanvfx.transitionsTestSwift;
				PRODUCT_NAME = "$(TARGET_NAME)";
				SWIFT_VERSION = 4.0;
				TARGETED_DEVICE_FAMILY = "1,2";
			};
			name = Release;
		};
/* End XCBuildConfiguration section */

/* Begin XCConfigurationList section */
		262D8AFD212E2E1D00FCAEDC /* Build configuration list for PBXProject "transitionsTestSwift" */ = {
			isa = XCConfigurationList;
			buildConfigurations = (
				262D8B12212E2E1D00FCAEDC /* Debug */,
				262D8B13212E2E1D00FCAEDC /* Release */,
			);
			defaultConfigurationIsVisible = 0;
			defaultConfigurationName = Release;
		};
		262D8B14212E2E1D00FCAEDC /* Build configuration list for PBXNativeTarget "transitionsTestSwift" */ = {
			isa = XCConfigurationList;
			buildConfigurations = (
				262D8B15212E2E1D00FCAEDC /* Debug */,
				262D8B16212E2E1D00FCAEDC /* Release */,
			);
			defaultConfigurationIsVisible = 0;
			defaultConfigurationName = Release;
		};
/* End XCConfigurationList section */
	};
	rootObject = 262D8AFA212E2E1D00FCAEDC /* Project object */;
}
